
Microsoft Visual Studio Solution File, Format Version 12.00
# Visual Studio Version 17
VisualStudioVersion = 17.4.33213.308
MinimumVisualStudioVersion = 10.0.40219.1
Project("{FAE04EC0-301F-11D3-BF4B-00C04F79EFBC}") = "Receipt", "Receipt\Receipt.csproj", "{6CF193B1-E11E-4071-B61C-5737D2EFB081}"
EndProject
Project("{FAE04EC0-301F-11D3-BF4B-00C04F79EFBC}") = "ZnakCqloChislo", "ZnakCqloChislo\ZnakCqloChislo.csproj", "{069C1CE3-3931-4D29-938C-1BE4C32D28FA}"
EndProject
Project("{FAE04EC0-301F-11D3-BF4B-00C04F79EFBC}") = "PrintTriangle", "PrintTriangle\PrintTriangle.csproj", "{D08783DA-7131-4F52-BD6B-1529AEE1ABD2}"
EndProject
Project("{FAE04EC0-301F-11D3-BF4B-00C04F79EFBC}") = "PrintFilledSquare", "PrintFilledSquare\PrintFilledSquare.csproj", "{24F8D4E2-10EE-4370-8E76-5506A040E005}"
EndProject
Project("{FAE04EC0-301F-11D3-BF4B-00C04F79EFBC}") = "TemperatureConvertor", "TemperatureConvertor\TemperatureConvertor.csproj", "{01CEC17F-E09B-48E3-9158-BE02003AF184}"
EndProject
Project("{FAE04EC0-301F-11D3-BF4B-00C04F79EFBC}") = "FaceTriangle", "FaceTriangle\FaceTriangle.csproj", "{E9348667-C97E-43C0-B45A-4EAB9CB217DD}"
EndProject
Project("{FAE04EC0-301F-11D3-BF4B-00C04F79EFBC}") = "PowerOf", "PowerOf\PowerOf.csproj", "{A2919442-0B36-42F5-B2C5-E2B05702B803}"
EndProject
Project("{FAE04EC0-301F-11D3-BF4B-00C04F79EFBC}") = "GreaterValue", "GreaterValue\GreaterValue.csproj", "{865E5BD1-C916-46AD-B53F-5E6495546FDF}"
EndProject
Global
	GlobalSection(SolutionConfigurationPlatforms) = preSolution
		Debug|Any CPU = Debug|Any CPU
		Release|Any CPU = Release|Any CPU
	EndGlobalSection
	GlobalSection(ProjectConfigurationPlatforms) = postSolution
		{6CF193B1-E11E-4071-B61C-5737D2EFB081}.Debug|Any CPU.ActiveCfg = Debug|Any CPU
		{6CF193B1-E11E-4071-B61C-5737D2EFB081}.Debug|Any CPU.Build.0 = Debug|Any CPU
		{6CF193B1-E11E-4071-B61C-5737D2EFB081}.Release|Any CPU.ActiveCfg = Release|Any CPU
		{6CF193B1-E11E-4071-B61C-5737D2EFB081}.Release|Any CPU.Build.0 = Release|Any CPU
		{069C1CE3-3931-4D29-938C-1BE4C32D28FA}.Debug|Any CPU.ActiveCfg = Debug|Any CPU
		{069C1CE3-3931-4D29-938C-1BE4C32D28FA}.Debug|Any CPU.Build.0 = Debug|Any CPU
		{069C1CE3-3931-4D29-938C-1BE4C32D28FA}.Release|Any CPU.ActiveCfg = Release|Any CPU
		{069C1CE3-3931-4D29-938C-1BE4C32D28FA}.Release|Any CPU.Build.0 = Release|Any CPU
		{D08783DA-7131-4F52-BD6B-1529AEE1ABD2}.Debug|Any CPU.ActiveCfg = Debug|Any CPU
		{D08783DA-7131-4F52-BD6B-1529AEE1ABD2}.Debug|Any CPU.Build.0 = Debug|Any CPU
		{D08783DA-7131-4F52-BD6B-1529AEE1ABD2}.Release|Any CPU.ActiveCfg = Release|Any CPU
		{D08783DA-7131-4F52-BD6B-1529AEE1ABD2}.Release|Any CPU.Build.0 = Release|Any CPU
		{24F8D4E2-10EE-4370-8E76-5506A040E005}.Debug|Any CPU.ActiveCfg = Debug|Any CPU
		{24F8D4E2-10EE-4370-8E76-5506A040E005}.Debug|Any CPU.Build.0 = Debug|Any CPU
		{24F8D4E2-10EE-4370-8E76-5506A040E005}.Release|Any CPU.ActiveCfg = Release|Any CPU
		{24F8D4E2-10EE-4370-8E76-5506A040E005}.Release|Any CPU.Build.0 = Release|Any CPU
		{01CEC17F-E09B-48E3-9158-BE02003AF184}.Debug|Any CPU.ActiveCfg = Debug|Any CPU
		{01CEC17F-E09B-48E3-9158-BE02003AF184}.Debug|Any CPU.Build.0 = Debug|Any CPU
		{01CEC17F-E09B-48E3-9158-BE02003AF184}.Release|Any CPU.ActiveCfg = Release|Any CPU
		{01CEC17F-E09B-48E3-9158-BE02003AF184}.Release|Any CPU.Build.0 = Release|Any CPU
		{E9348667-C97E-43C0-B45A-4EAB9CB217DD}.Debug|Any CPU.ActiveCfg = Debug|Any CPU
		{E9348667-C97E-43C0-B45A-4EAB9CB217DD}.Debug|Any CPU.Build.0 = Debug|Any CPU
		{E9348667-C97E-43C0-B45A-4EAB9CB217DD}.Release|Any CPU.ActiveCfg = Release|Any CPU
		{E9348667-C97E-43C0-B45A-4EAB9CB217DD}.Release|Any CPU.Build.0 = Release|Any CPU
		{A2919442-0B36-42F5-B2C5-E2B05702B803}.Debug|Any CPU.ActiveCfg = Debug|Any CPU
		{A2919442-0B36-42F5-B2C5-E2B05702B803}.Debug|Any CPU.Build.0 = Debug|Any CPU
		{A2919442-0B36-42F5-B2C5-E2B05702B803}.Release|Any CPU.ActiveCfg = Release|Any CPU
		{A2919442-0B36-42F5-B2C5-E2B05702B803}.Release|Any CPU.Build.0 = Release|Any CPU
		{865E5BD1-C916-46AD-B53F-5E6495546FDF}.Debug|Any CPU.ActiveCfg = Debug|Any CPU
		{865E5BD1-C916-46AD-B53F-5E6495546FDF}.Debug|Any CPU.Build.0 = Debug|Any CPU
		{865E5BD1-C916-46AD-B53F-5E6495546FDF}.Release|Any CPU.ActiveCfg = Release|Any CPU
		{865E5BD1-C916-46AD-B53F-5E6495546FDF}.Release|Any CPU.Build.0 = Release|Any CPU
	EndGlobalSection
	GlobalSection(SolutionProperties) = preSolution
		HideSolutionNode = FALSE
	EndGlobalSection
	GlobalSection(ExtensibilityGlobals) = postSolution
		SolutionGuid = {59B03FF8-D0B2-4693-81B3-EFA78923AD9B}
	EndGlobalSection
EndGlobal
